
Microsoft Visual Studio Solution File, Format Version 12.00
# Visual Studio Version 16
VisualStudioVersion = 16.0.34301.259
MinimumVisualStudioVersion = 10.0.40219.1
Project("{FAE04EC0-301F-11D3-BF4B-00C04F79EFBC}") = "cos", "cos\cos.csproj", "{7B61DEBC-1A52-4A42-B03F-F1A2BCB354DD}"
EndProject
Global
	GlobalSection(SolutionConfigurationPlatforms) = preSolution
		Debug|Any CPU = Debug|Any CPU
		Release|Any CPU = Release|Any CPU
	EndGlobalSection
	GlobalSection(ProjectConfigurationPlatforms) = postSolution
		{7B61DEBC-1A52-4A42-B03F-F1A2BCB354DD}.Debug|Any CPU.ActiveCfg = Debug|Any CPU
		{7B61DEBC-1A52-4A42-B03F-F1A2BCB354DD}.Debug|Any CPU.Build.0 = Debug|Any CPU
		{7B61DEBC-1A52-4A42-B03F-F1A2BCB354DD}.Release|Any CPU.ActiveCfg = Release|Any CPU
		{7B61DEBC-1A52-4A42-B03F-F1A2BCB354DD}.Release|Any CPU.Build.0 = Release|Any CPU
	EndGlobalSection
	GlobalSection(SolutionProperties) = preSolution
		HideSolutionNode = FALSE
	EndGlobalSection
	GlobalSection(ExtensibilityGlobals) = postSolution
		SolutionGuid = {7DFA816B-55AA-46BB-B2F6-9D52959D547F}
	EndGlobalSection
EndGlobal
