
Microsoft Visual Studio Solution File, Format Version 12.00
# Visual Studio Version 17
VisualStudioVersion = 17.7.34024.191
MinimumVisualStudioVersion = 10.0.40219.1
Project("{FAE04EC0-301F-11D3-BF4B-00C04F79EFBC}") = "Pesel", "Pesel\Pesel.csproj", "{2B5CC049-81FE-4FF2-8FA2-252C838362AB}"
EndProject
Global
	GlobalSection(SolutionConfigurationPlatforms) = preSolution
		Debug|Any CPU = Debug|Any CPU
		Release|Any CPU = Release|Any CPU
	EndGlobalSection
	GlobalSection(ProjectConfigurationPlatforms) = postSolution
		{2B5CC049-81FE-4FF2-8FA2-252C838362AB}.Debug|Any CPU.ActiveCfg = Debug|Any CPU
		{2B5CC049-81FE-4FF2-8FA2-252C838362AB}.Debug|Any CPU.Build.0 = Debug|Any CPU
		{2B5CC049-81FE-4FF2-8FA2-252C838362AB}.Release|Any CPU.ActiveCfg = Release|Any CPU
		{2B5CC049-81FE-4FF2-8FA2-252C838362AB}.Release|Any CPU.Build.0 = Release|Any CPU
	EndGlobalSection
	GlobalSection(SolutionProperties) = preSolution
		HideSolutionNode = FALSE
	EndGlobalSection
	GlobalSection(ExtensibilityGlobals) = postSolution
		SolutionGuid = {7933D124-FCC1-4F85-81B5-C9CFBED74B80}
	EndGlobalSection
EndGlobal
