
Microsoft Visual Studio Solution File, Format Version 12.00
# Visual Studio Version 17
VisualStudioVersion = 17.7.34024.191
MinimumVisualStudioVersion = 10.0.40219.1
Project("{FAE04EC0-301F-11D3-BF4B-00C04F79EFBC}") = "Macierze", "Macierze\Macierze.csproj", "{333DB897-2C86-40F2-BF3D-029A70107772}"
EndProject
Global
	GlobalSection(SolutionConfigurationPlatforms) = preSolution
		Debug|Any CPU = Debug|Any CPU
		Release|Any CPU = Release|Any CPU
	EndGlobalSection
	GlobalSection(ProjectConfigurationPlatforms) = postSolution
		{333DB897-2C86-40F2-BF3D-029A70107772}.Debug|Any CPU.ActiveCfg = Debug|Any CPU
		{333DB897-2C86-40F2-BF3D-029A70107772}.Debug|Any CPU.Build.0 = Debug|Any CPU
		{333DB897-2C86-40F2-BF3D-029A70107772}.Release|Any CPU.ActiveCfg = Release|Any CPU
		{333DB897-2C86-40F2-BF3D-029A70107772}.Release|Any CPU.Build.0 = Release|Any CPU
	EndGlobalSection
	GlobalSection(SolutionProperties) = preSolution
		HideSolutionNode = FALSE
	EndGlobalSection
	GlobalSection(ExtensibilityGlobals) = postSolution
		SolutionGuid = {273B4E41-5850-4927-932D-AE17B690B149}
	EndGlobalSection
EndGlobal
