
Microsoft Visual Studio Solution File, Format Version 12.00
# Visual Studio Version 17
VisualStudioVersion = 17.9.34616.47
MinimumVisualStudioVersion = 10.0.40219.1
Project("{FAE04EC0-301F-11D3-BF4B-00C04F79EFBC}") = "zadanie", "zadanie.csproj", "{776AB516-315B-46FB-A9AA-46C7260B4198}"
EndProject
Global
	GlobalSection(SolutionConfigurationPlatforms) = preSolution
		Debug|Any CPU = Debug|Any CPU
		Release|Any CPU = Release|Any CPU
	EndGlobalSection
	GlobalSection(ProjectConfigurationPlatforms) = postSolution
		{776AB516-315B-46FB-A9AA-46C7260B4198}.Debug|Any CPU.ActiveCfg = Debug|Any CPU
		{776AB516-315B-46FB-A9AA-46C7260B4198}.Debug|Any CPU.Build.0 = Debug|Any CPU
		{776AB516-315B-46FB-A9AA-46C7260B4198}.Release|Any CPU.ActiveCfg = Release|Any CPU
		{776AB516-315B-46FB-A9AA-46C7260B4198}.Release|Any CPU.Build.0 = Release|Any CPU
	EndGlobalSection
	GlobalSection(SolutionProperties) = preSolution
		HideSolutionNode = FALSE
	EndGlobalSection
	GlobalSection(ExtensibilityGlobals) = postSolution
		SolutionGuid = {6CFD3AE0-4BE4-4CB2-A0BA-734C60022011}
	EndGlobalSection
EndGlobal
