
Microsoft Visual Studio Solution File, Format Version 12.00
# Visual Studio Version 17
VisualStudioVersion = 17.7.34024.191
MinimumVisualStudioVersion = 10.0.40219.1
Project("{FAE04EC0-301F-11D3-BF4B-00C04F79EFBC}") = "Euklides", "Euklides\Euklides.csproj", "{F950A509-96D1-44B9-8D28-0323D9946369}"
EndProject
Global
	GlobalSection(SolutionConfigurationPlatforms) = preSolution
		Debug|Any CPU = Debug|Any CPU
		Release|Any CPU = Release|Any CPU
	EndGlobalSection
	GlobalSection(ProjectConfigurationPlatforms) = postSolution
		{F950A509-96D1-44B9-8D28-0323D9946369}.Debug|Any CPU.ActiveCfg = Debug|Any CPU
		{F950A509-96D1-44B9-8D28-0323D9946369}.Debug|Any CPU.Build.0 = Debug|Any CPU
		{F950A509-96D1-44B9-8D28-0323D9946369}.Release|Any CPU.ActiveCfg = Release|Any CPU
		{F950A509-96D1-44B9-8D28-0323D9946369}.Release|Any CPU.Build.0 = Release|Any CPU
	EndGlobalSection
	GlobalSection(SolutionProperties) = preSolution
		HideSolutionNode = FALSE
	EndGlobalSection
	GlobalSection(ExtensibilityGlobals) = postSolution
		SolutionGuid = {C8B95A3E-B90D-4ACB-8706-174CACFE1C9E}
	EndGlobalSection
EndGlobal
