
Microsoft Visual Studio Solution File, Format Version 12.00
# Visual Studio Version 17
VisualStudioVersion = 17.9.34723.18
MinimumVisualStudioVersion = 10.0.40219.1
Project("{FAE04EC0-301F-11D3-BF4B-00C04F79EFBC}") = "notatki", "notatki\notatki.csproj", "{10AA735E-B792-41D6-BFE7-53721A0FC61E}"
EndProject
Global
	GlobalSection(SolutionConfigurationPlatforms) = preSolution
		Debug|Any CPU = Debug|Any CPU
		Release|Any CPU = Release|Any CPU
	EndGlobalSection
	GlobalSection(ProjectConfigurationPlatforms) = postSolution
		{10AA735E-B792-41D6-BFE7-53721A0FC61E}.Debug|Any CPU.ActiveCfg = Debug|Any CPU
		{10AA735E-B792-41D6-BFE7-53721A0FC61E}.Debug|Any CPU.Build.0 = Debug|Any CPU
		{10AA735E-B792-41D6-BFE7-53721A0FC61E}.Release|Any CPU.ActiveCfg = Release|Any CPU
		{10AA735E-B792-41D6-BFE7-53721A0FC61E}.Release|Any CPU.Build.0 = Release|Any CPU
	EndGlobalSection
	GlobalSection(SolutionProperties) = preSolution
		HideSolutionNode = FALSE
	EndGlobalSection
	GlobalSection(ExtensibilityGlobals) = postSolution
		SolutionGuid = {9C7AE30D-CCEC-40C3-9E80-41DB553C9B5E}
	EndGlobalSection
EndGlobal
